// !$*UTF8*$!
{
	archiveVersion = 1;
	classes = {
	};
	objectVersion = 55;
	objects = {

/* Begin PBXBuildFile section */
		6BB80EEA2884A8A90038E969 /* AppDelegate.swift in Sources */ = {isa = PBXBuildFile; fileRef = 6BB80EE92884A8A90038E969 /* AppDelegate.swift */; };
		6BB80EEC2884A8A90038E969 /* SceneDelegate.swift in Sources */ = {isa = PBXBuildFile; fileRef = 6BB80EEB2884A8A90038E969 /* SceneDelegate.swift */; };
		6BB80EEE2884A8A90038E969 /* ViewController.swift in Sources */ = {isa = PBXBuildFile; fileRef = 6BB80EED2884A8A90038E969 /* ViewController.swift */; };
		6BB80EF12884A8A90038E969 /* Main.storyboard in Resources */ = {isa = PBXBuildFile; fileRef = 6BB80EEF2884A8A90038E969 /* Main.storyboard */; };
		6BB80EF32884A8AC0038E969 /* Assets.xcassets in Resources */ = {isa = PBXBuildFile; fileRef = 6BB80EF22884A8AC0038E969 /* Assets.xcassets */; };
		6BB80EF62884A8AC0038E969 /* LaunchScreen.storyboard in Resources */ = {isa = PBXBuildFile; fileRef = 6BB80EF42884A8AC0038E969 /* LaunchScreen.storyboard */; };
		6BB80F012884A8AD0038E969 /* CICD_TESTTests.swift in Sources */ = {isa = PBXBuildFile; fileRef = 6BB80F002884A8AD0038E969 /* CICD_TESTTests.swift */; };
		6BB80F0B2884A8AD0038E969 /* CICD_TESTUITests.swift in Sources */ = {isa = PBXBuildFile; fileRef = 6BB80F0A2884A8AD0038E969 /* CICD_TESTUITests.swift */; };
		6BB80F0D2884A8AD0038E969 /* CICD_TESTUITestsLaunchTests.swift in Sources */ = {isa = PBXBuildFile; fileRef = 6BB80F0C2884A8AD0038E969 /* CICD_TESTUITestsLaunchTests.swift */; };
/* End PBXBuildFile section */

/* Begin PBXContainerItemProxy section */
		6BB80EFD2884A8AD0038E969 /* PBXContainerItemProxy */ = {
			isa = PBXContainerItemProxy;
			containerPortal = 6BB80EDE2884A8A90038E969 /* Project object */;
			proxyType = 1;
			remoteGlobalIDString = 6BB80EE52884A8A90038E969;
			remoteInfo = CICD_TEST;
		};
		6BB80F072884A8AD0038E969 /* PBXContainerItemProxy */ = {
			isa = PBXContainerItemProxy;
			containerPortal = 6BB80EDE2884A8A90038E969 /* Project object */;
			proxyType = 1;
			remoteGlobalIDString = 6BB80EE52884A8A90038E969;
			remoteInfo = CICD_TEST;
		};
/* End PBXContainerItemProxy section */

/* Begin PBXFileReference section */
		6BB80EE62884A8A90038E969 /* CICD_TEST.app */ = {isa = PBXFileReference; explicitFileType = wrapper.application; includeInIndex = 0; path = CICD_TEST.app; sourceTree = BUILT_PRODUCTS_DIR; };
		6BB80EE92884A8A90038E969 /* AppDelegate.swift */ = {isa = PBXFileReference; lastKnownFileType = sourcecode.swift; path = AppDelegate.swift; sourceTree = "<group>"; };
		6BB80EEB2884A8A90038E969 /* SceneDelegate.swift */ = {isa = PBXFileReference; lastKnownFileType = sourcecode.swift; path = SceneDelegate.swift; sourceTree = "<group>"; };
		6BB80EED2884A8A90038E969 /* ViewController.swift */ = {isa = PBXFileReference; lastKnownFileType = sourcecode.swift; path = ViewController.swift; sourceTree = "<group>"; };
		6BB80EF02884A8A90038E969 /* Base */ = {isa = PBXFileReference; lastKnownFileType = file.storyboard; name = Base; path = Base.lproj/Main.storyboard; sourceTree = "<group>"; };
		6BB80EF22884A8AC0038E969 /* Assets.xcassets */ = {isa = PBXFileReference; lastKnownFileType = folder.assetcatalog; path = Assets.xcassets; sourceTree = "<group>"; };
		6BB80EF52884A8AC0038E969 /* Base */ = {isa = PBXFileReference; lastKnownFileType = file.storyboard; name = Base; path = Base.lproj/LaunchScreen.storyboard; sourceTree = "<group>"; };
		6BB80EF72884A8AC0038E969 /* Info.plist */ = {isa = PBXFileReference; lastKnownFileType = text.plist.xml; path = Info.plist; sourceTree = "<group>"; };
		6BB80EFC2884A8AD0038E969 /* CICD_TESTTests.xctest */ = {isa = PBXFileReference; explicitFileType = wrapper.cfbundle; includeInIndex = 0; path = CICD_TESTTests.xctest; sourceTree = BUILT_PRODUCTS_DIR; };
		6BB80F002884A8AD0038E969 /* CICD_TESTTests.swift */ = {isa = PBXFileReference; lastKnownFileType = sourcecode.swift; path = CICD_TESTTests.swift; sourceTree = "<group>"; };
		6BB80F062884A8AD0038E969 /* CICD_TESTUITests.xctest */ = {isa = PBXFileReference; explicitFileType = wrapper.cfbundle; includeInIndex = 0; path = CICD_TESTUITests.xctest; sourceTree = BUILT_PRODUCTS_DIR; };
		6BB80F0A2884A8AD0038E969 /* CICD_TESTUITests.swift */ = {isa = PBXFileReference; lastKnownFileType = sourcecode.swift; path = CICD_TESTUITests.swift; sourceTree = "<group>"; };
		6BB80F0C2884A8AD0038E969 /* CICD_TESTUITestsLaunchTests.swift */ = {isa = PBXFileReference; lastKnownFileType = sourcecode.swift; path = CICD_TESTUITestsLaunchTests.swift; sourceTree = "<group>"; };
/* End PBXFileReference section */

/* Begin PBXFrameworksBuildPhase section */
		6BB80EE32884A8A90038E969 /* Frameworks */ = {
			isa = PBXFrameworksBuildPhase;
			buildActionMask = 2147483647;
			files = (
			);
			runOnlyForDeploymentPostprocessing = 0;
		};
		6BB80EF92884A8AD0038E969 /* Frameworks */ = {
			isa = PBXFrameworksBuildPhase;
			buildActionMask = 2147483647;
			files = (
			);
			runOnlyForDeploymentPostprocessing = 0;
		};
		6BB80F032884A8AD0038E969 /* Frameworks */ = {
			isa = PBXFrameworksBuildPhase;
			buildActionMask = 2147483647;
			files = (
			);
			runOnlyForDeploymentPostprocessing = 0;
		};
/* End PBXFrameworksBuildPhase section */

/* Begin PBXGroup section */
		6BB80EDD2884A8A90038E969 = {
			isa = PBXGroup;
			children = (
				6BB80EE82884A8A90038E969 /* CICD_TEST */,
				6BB80EFF2884A8AD0038E969 /* CICD_TESTTests */,
				6BB80F092884A8AD0038E969 /* CICD_TESTUITests */,
				6BB80EE72884A8A90038E969 /* Products */,
			);
			sourceTree = "<group>";
		};
		6BB80EE72884A8A90038E969 /* Products */ = {
			isa = PBXGroup;
			children = (
				6BB80EE62884A8A90038E969 /* CICD_TEST.app */,
				6BB80EFC2884A8AD0038E969 /* CICD_TESTTests.xctest */,
				6BB80F062884A8AD0038E969 /* CICD_TESTUITests.xctest */,
			);
			name = Products;
			sourceTree = "<group>";
		};
		6BB80EE82884A8A90038E969 /* CICD_TEST */ = {
			isa = PBXGroup;
			children = (
				6BB80EE92884A8A90038E969 /* AppDelegate.swift */,
				6BB80EEB2884A8A90038E969 /* SceneDelegate.swift */,
				6BB80EED2884A8A90038E969 /* ViewController.swift */,
				6BB80EEF2884A8A90038E969 /* Main.storyboard */,
				6BB80EF22884A8AC0038E969 /* Assets.xcassets */,
				6BB80EF42884A8AC0038E969 /* LaunchScreen.storyboard */,
				6BB80EF72884A8AC0038E969 /* Info.plist */,
			);
			path = CICD_TEST;
			sourceTree = "<group>";
		};
		6BB80EFF2884A8AD0038E969 /* CICD_TESTTests */ = {
			isa = PBXGroup;
			children = (
				6BB80F002884A8AD0038E969 /* CICD_TESTTests.swift */,
			);
			path = CICD_TESTTests;
			sourceTree = "<group>";
		};
		6BB80F092884A8AD0038E969 /* CICD_TESTUITests */ = {
			isa = PBXGroup;
			children = (
				6BB80F0A2884A8AD0038E969 /* CICD_TESTUITests.swift */,
				6BB80F0C2884A8AD0038E969 /* CICD_TESTUITestsLaunchTests.swift */,
			);
			path = CICD_TESTUITests;
			sourceTree = "<group>";
		};
/* End PBXGroup section */

/* Begin PBXNativeTarget section */
		6BB80EE52884A8A90038E969 /* CICD_TEST */ = {
			isa = PBXNativeTarget;
			buildConfigurationList = 6BB80F102884A8AD0038E969 /* Build configuration list for PBXNativeTarget "CICD_TEST" */;
			buildPhases = (
				6BB80EE22884A8A90038E969 /* Sources */,
				6BB80EE32884A8A90038E969 /* Frameworks */,
				6BB80EE42884A8A90038E969 /* Resources */,
			);
			buildRules = (
			);
			dependencies = (
			);
			name = CICD_TEST;
			productName = CICD_TEST;
			productReference = 6BB80EE62884A8A90038E969 /* CICD_TEST.app */;
			productType = "com.apple.product-type.application";
		};
		6BB80EFB2884A8AD0038E969 /* CICD_TESTTests */ = {
			isa = PBXNativeTarget;
			buildConfigurationList = 6BB80F132884A8AD0038E969 /* Build configuration list for PBXNativeTarget "CICD_TESTTests" */;
			buildPhases = (
				6BB80EF82884A8AD0038E969 /* Sources */,
				6BB80EF92884A8AD0038E969 /* Frameworks */,
				6BB80EFA2884A8AD0038E969 /* Resources */,
			);
			buildRules = (
			);
			dependencies = (
				6BB80EFE2884A8AD0038E969 /* PBXTargetDependency */,
			);
			name = CICD_TESTTests;
			productName = CICD_TESTTests;
			productReference = 6BB80EFC2884A8AD0038E969 /* CICD_TESTTests.xctest */;
			productType = "com.apple.product-type.bundle.unit-test";
		};
		6BB80F052884A8AD0038E969 /* CICD_TESTUITests */ = {
			isa = PBXNativeTarget;
			buildConfigurationList = 6BB80F162884A8AD0038E969 /* Build configuration list for PBXNativeTarget "CICD_TESTUITests" */;
			buildPhases = (
				6BB80F022884A8AD0038E969 /* Sources */,
				6BB80F032884A8AD0038E969 /* Frameworks */,
				6BB80F042884A8AD0038E969 /* Resources */,
			);
			buildRules = (
			);
			dependencies = (
				6BB80F082884A8AD0038E969 /* PBXTargetDependency */,
			);
			name = CICD_TESTUITests;
			productName = CICD_TESTUITests;
			productReference = 6BB80F062884A8AD0038E969 /* CICD_TESTUITests.xctest */;
			productType = "com.apple.product-type.bundle.ui-testing";
		};
/* End PBXNativeTarget section */

/* Begin PBXProject section */
		6BB80EDE2884A8A90038E969 /* Project object */ = {
			isa = PBXProject;
			attributes = {
				BuildIndependentTargetsInParallel = 1;
				LastSwiftUpdateCheck = 1320;
				LastUpgradeCheck = 1320;
				TargetAttributes = {
					6BB80EE52884A8A90038E969 = {
						CreatedOnToolsVersion = 13.2.1;
					};
					6BB80EFB2884A8AD0038E969 = {
						CreatedOnToolsVersion = 13.2.1;
						TestTargetID = 6BB80EE52884A8A90038E969;
					};
					6BB80F052884A8AD0038E969 = {
						CreatedOnToolsVersion = 13.2.1;
						TestTargetID = 6BB80EE52884A8A90038E969;
					};
				};
			};
			buildConfigurationList = 6BB80EE12884A8A90038E969 /* Build configuration list for PBXProject "CICD_TEST" */;
			compatibilityVersion = "Xcode 13.0";
			developmentRegion = en;
			hasScannedForEncodings = 0;
			knownRegions = (
				en,
				Base,
			);
			mainGroup = 6BB80EDD2884A8A90038E969;
			productRefGroup = 6BB80EE72884A8A90038E969 /* Products */;
			projectDirPath = "";
			projectRoot = "";
			targets = (
				6BB80EE52884A8A90038E969 /* CICD_TEST */,
				6BB80EFB2884A8AD0038E969 /* CICD_TESTTests */,
				6BB80F052884A8AD0038E969 /* CICD_TESTUITests */,
			);
		};
/* End PBXProject section */

/* Begin PBXResourcesBuildPhase section */
		6BB80EE42884A8A90038E969 /* Resources */ = {
			isa = PBXResourcesBuildPhase;
			buildActionMask = 2147483647;
			files = (
				6BB80EF62884A8AC0038E969 /* LaunchScreen.storyboard in Resources */,
				6BB80EF32884A8AC0038E969 /* Assets.xcassets in Resources */,
				6BB80EF12884A8A90038E969 /* Main.storyboard in Resources */,
			);
			runOnlyForDeploymentPostprocessing = 0;
		};
		6BB80EFA2884A8AD0038E969 /* Resources */ = {
			isa = PBXResourcesBuildPhase;
			buildActionMask = 2147483647;
			files = (
			);
			runOnlyForDeploymentPostprocessing = 0;
		};
		6BB80F042884A8AD0038E969 /* Resources */ = {
			isa = PBXResourcesBuildPhase;
			buildActionMask = 2147483647;
			files = (
			);
			runOnlyForDeploymentPostprocessing = 0;
		};
/* End PBXResourcesBuildPhase section */

/* Begin PBXSourcesBuildPhase section */
		6BB80EE22884A8A90038E969 /* Sources */ = {
			isa = PBXSourcesBuildPhase;
			buildActionMask = 2147483647;
			files = (
				6BB80EEE2884A8A90038E969 /* ViewController.swift in Sources */,
				6BB80EEA2884A8A90038E969 /* AppDelegate.swift in Sources */,
				6BB80EEC2884A8A90038E969 /* SceneDelegate.swift in Sources */,
			);
			runOnlyForDeploymentPostprocessing = 0;
		};
		6BB80EF82884A8AD0038E969 /* Sources */ = {
			isa = PBXSourcesBuildPhase;
			buildActionMask = 2147483647;
			files = (
				6BB80F012884A8AD0038E969 /* CICD_TESTTests.swift in Sources */,
			);
			runOnlyForDeploymentPostprocessing = 0;
		};
		6BB80F022884A8AD0038E969 /* Sources */ = {
			isa = PBXSourcesBuildPhase;
			buildActionMask = 2147483647;
			files = (
				6BB80F0B2884A8AD0038E969 /* CICD_TESTUITests.swift in Sources */,
				6BB80F0D2884A8AD0038E969 /* CICD_TESTUITestsLaunchTests.swift in Sources */,
			);
			runOnlyForDeploymentPostprocessing = 0;
		};
/* End PBXSourcesBuildPhase section */

/* Begin PBXTargetDependency section */
		6BB80EFE2884A8AD0038E969 /* PBXTargetDependency */ = {
			isa = PBXTargetDependency;
			target = 6BB80EE52884A8A90038E969 /* CICD_TEST */;
			targetProxy = 6BB80EFD2884A8AD0038E969 /* PBXContainerItemProxy */;
		};
		6BB80F082884A8AD0038E969 /* PBXTargetDependency */ = {
			isa = PBXTargetDependency;
			target = 6BB80EE52884A8A90038E969 /* CICD_TEST */;
			targetProxy = 6BB80F072884A8AD0038E969 /* PBXContainerItemProxy */;
		};
/* End PBXTargetDependency section */

/* Begin PBXVariantGroup section */
		6BB80EEF2884A8A90038E969 /* Main.storyboard */ = {
			isa = PBXVariantGroup;
			children = (
				6BB80EF02884A8A90038E969 /* Base */,
			);
			name = Main.storyboard;
			sourceTree = "<group>";
		};
		6BB80EF42884A8AC0038E969 /* LaunchScreen.storyboard */ = {
			isa = PBXVariantGroup;
			children = (
				6BB80EF52884A8AC0038E969 /* Base */,
			);
			name = LaunchScreen.storyboard;
			sourceTree = "<group>";
		};
/* End PBXVariantGroup section */

/* Begin XCBuildConfiguration section */
		6BB80F0E2884A8AD0038E969 /* Debug */ = {
			isa = XCBuildConfiguration;
			buildSettings = {
				ALWAYS_SEARCH_USER_PATHS = NO;
				CLANG_ANALYZER_NONNULL = YES;
				CLANG_ANALYZER_NUMBER_OBJECT_CONVERSION = YES_AGGRESSIVE;
				CLANG_CXX_LANGUAGE_STANDARD = "gnu++17";
				CLANG_CXX_LIBRARY = "libc++";
				CLANG_ENABLE_MODULES = YES;
				CLANG_ENABLE_OBJC_ARC = YES;
				CLANG_ENABLE_OBJC_WEAK = YES;
				CLANG_WARN_BLOCK_CAPTURE_AUTORELEASING = YES;
				CLANG_WARN_BOOL_CONVERSION = YES;
				CLANG_WARN_COMMA = YES;
				CLANG_WARN_CONSTANT_CONVERSION = YES;
				CLANG_WARN_DEPRECATED_OBJC_IMPLEMENTATIONS = YES;
				CLANG_WARN_DIRECT_OBJC_ISA_USAGE = YES_ERROR;
				CLANG_WARN_DOCUMENTATION_COMMENTS = YES;
				CLANG_WARN_EMPTY_BODY = YES;
				CLANG_WARN_ENUM_CONVERSION = YES;
				CLANG_WARN_INFINITE_RECURSION = YES;
				CLANG_WARN_INT_CONVERSION = YES;
				CLANG_WARN_NON_LITERAL_NULL_CONVERSION = YES;
				CLANG_WARN_OBJC_IMPLICIT_RETAIN_SELF = YES;
				CLANG_WARN_OBJC_LITERAL_CONVERSION = YES;
				CLANG_WARN_OBJC_ROOT_CLASS = YES_ERROR;
				CLANG_WARN_QUOTED_INCLUDE_IN_FRAMEWORK_HEADER = YES;
				CLANG_WARN_RANGE_LOOP_ANALYSIS = YES;
				CLANG_WARN_STRICT_PROTOTYPES = YES;
				CLANG_WARN_SUSPICIOUS_MOVE = YES;
				CLANG_WARN_UNGUARDED_AVAILABILITY = YES_AGGRESSIVE;
				CLANG_WARN_UNREACHABLE_CODE = YES;
				CLANG_WARN__DUPLICATE_METHOD_MATCH = YES;
				COPY_PHASE_STRIP = NO;
				DEBUG_INFORMATION_FORMAT = dwarf;
				ENABLE_STRICT_OBJC_MSGSEND = YES;
				ENABLE_TESTABILITY = YES;
				GCC_C_LANGUAGE_STANDARD = gnu11;
				GCC_DYNAMIC_NO_PIC = NO;
				GCC_NO_COMMON_BLOCKS = YES;
				GCC_OPTIMIZATION_LEVEL = 0;
				GCC_PREPROCESSOR_DEFINITIONS = (
					"DEBUG=1",
					"$(inherited)",
				);
				GCC_WARN_64_TO_32_BIT_CONVERSION = YES;
				GCC_WARN_ABOUT_RETURN_TYPE = YES_ERROR;
				GCC_WARN_UNDECLARED_SELECTOR = YES;
				GCC_WARN_UNINITIALIZED_AUTOS = YES_AGGRESSIVE;
				GCC_WARN_UNUSED_FUNCTION = YES;
				GCC_WARN_UNUSED_VARIABLE = YES;
				IPHONEOS_DEPLOYMENT_TARGET = 15.2;
				MTL_ENABLE_DEBUG_INFO = INCLUDE_SOURCE;
				MTL_FAST_MATH = YES;
				ONLY_ACTIVE_ARCH = YES;
				SDKROOT = iphoneos;
				SWIFT_ACTIVE_COMPILATION_CONDITIONS = DEBUG;
				SWIFT_OPTIMIZATION_LEVEL = "-Onone";
			};
			name = Debug;
		};
		6BB80F0F2884A8AD0038E969 /* Release */ = {
			isa = XCBuildConfiguration;
			buildSettings = {
				ALWAYS_SEARCH_USER_PATHS = NO;
				CLANG_ANALYZER_NONNULL = YES;
				CLANG_ANALYZER_NUMBER_OBJECT_CONVERSION = YES_AGGRESSIVE;
				CLANG_CXX_LANGUAGE_STANDARD = "gnu++17";
				CLANG_CXX_LIBRARY = "libc++";
				CLANG_ENABLE_MODULES = YES;
				CLANG_ENABLE_OBJC_ARC = YES;
				CLANG_ENABLE_OBJC_WEAK = YES;
				CLANG_WARN_BLOCK_CAPTURE_AUTORELEASING = YES;
				CLANG_WARN_BOOL_CONVERSION = YES;
				CLANG_WARN_COMMA = YES;
				CLANG_WARN_CONSTANT_CONVERSION = YES;
				CLANG_WARN_DEPRECATED_OBJC_IMPLEMENTATIONS = YES;
				CLANG_WARN_DIRECT_OBJC_ISA_USAGE = YES_ERROR;
				CLANG_WARN_DOCUMENTATION_COMMENTS = YES;
				CLANG_WARN_EMPTY_BODY = YES;
				CLANG_WARN_ENUM_CONVERSION = YES;
				CLANG_WARN_INFINITE_RECURSION = YES;
				CLANG_WARN_INT_CONVERSION = YES;
				CLANG_WARN_NON_LITERAL_NULL_CONVERSION = YES;
				CLANG_WARN_OBJC_IMPLICIT_RETAIN_SELF = YES;
				CLANG_WARN_OBJC_LITERAL_CONVERSION = YES;
				CLANG_WARN_OBJC_ROOT_CLASS = YES_ERROR;
				CLANG_WARN_QUOTED_INCLUDE_IN_FRAMEWORK_HEADER = YES;
				CLANG_WARN_RANGE_LOOP_ANALYSIS = YES;
				CLANG_WARN_STRICT_PROTOTYPES = YES;
				CLANG_WARN_SUSPICIOUS_MOVE = YES;
				CLANG_WARN_UNGUARDED_AVAILABILITY = YES_AGGRESSIVE;
				CLANG_WARN_UNREACHABLE_CODE = YES;
				CLANG_WARN__DUPLICATE_METHOD_MATCH = YES;
				COPY_PHASE_STRIP = NO;
				DEBUG_INFORMATION_FORMAT = "dwarf-with-dsym";
				ENABLE_NS_ASSERTIONS = NO;
				ENABLE_STRICT_OBJC_MSGSEND = YES;
				GCC_C_LANGUAGE_STANDARD = gnu11;
				GCC_NO_COMMON_BLOCKS = YES;
				GCC_WARN_64_TO_32_BIT_CONVERSION = YES;
				GCC_WARN_ABOUT_RETURN_TYPE = YES_ERROR;
				GCC_WARN_UNDECLARED_SELECTOR = YES;
				GCC_WARN_UNINITIALIZED_AUTOS = YES_AGGRESSIVE;
				GCC_WARN_UNUSED_FUNCTION = YES;
				GCC_WARN_UNUSED_VARIABLE = YES;
				IPHONEOS_DEPLOYMENT_TARGET = 15.2;
				MTL_ENABLE_DEBUG_INFO = NO;
				MTL_FAST_MATH = YES;
				SDKROOT = iphoneos;
				SWIFT_COMPILATION_MODE = wholemodule;
				SWIFT_OPTIMIZATION_LEVEL = "-O";
				VALIDATE_PRODUCT = YES;
			};
			name = Release;
		};
		6BB80F112884A8AD0038E969 /* Debug */ = {
			isa = XCBuildConfiguration;
			buildSettings = {
				ASSETCATALOG_COMPILER_APPICON_NAME = AppIcon;
				ASSETCATALOG_COMPILER_GLOBAL_ACCENT_COLOR_NAME = AccentColor;
				CODE_SIGN_STYLE = Automatic;
				CURRENT_PROJECT_VERSION = 1;
				DEVELOPMENT_TEAM = BYWLC6SC4C;
				GENERATE_INFOPLIST_FILE = YES;
				INFOPLIST_FILE = CICD_TEST/Info.plist;
				INFOPLIST_KEY_UIApplicationSupportsIndirectInputEvents = YES;
				INFOPLIST_KEY_UILaunchStoryboardName = LaunchScreen;
				INFOPLIST_KEY_UIMainStoryboardFile = Main;
				INFOPLIST_KEY_UISupportedInterfaceOrientations_iPad = "UIInterfaceOrientationPortrait UIInterfaceOrientationPortraitUpsideDown UIInterfaceOrientationLandscapeLeft UIInterfaceOrientationLandscapeRight";
				INFOPLIST_KEY_UISupportedInterfaceOrientations_iPhone = "UIInterfaceOrientationPortrait UIInterfaceOrientationLandscapeLeft UIInterfaceOrientationLandscapeRight";
				LD_RUNPATH_SEARCH_PATHS = (
					"$(inherited)",
					"@executable_path/Frameworks",
				);
				MARKETING_VERSION = 1.0;
				PRODUCT_BUNDLE_IDENTIFIER = "CICD-TEST.CICD-TEST";
				PRODUCT_NAME = "$(TARGET_NAME)";
				SWIFT_EMIT_LOC_STRINGS = YES;
				SWIFT_VERSION = 5.0;
				TARGETED_DEVICE_FAMILY = "1,2";
			};
			name = Debug;
		};
		6BB80F122884A8AD0038E969 /* Release */ = {
			isa = XCBuildConfiguration;
			buildSettings = {
				ASSETCATALOG_COMPILER_APPICON_NAME = AppIcon;
				ASSETCATALOG_COMPILER_GLOBAL_ACCENT_COLOR_NAME = AccentColor;
				CODE_SIGN_STYLE = Automatic;
				CURRENT_PROJECT_VERSION = 1;
				DEVELOPMENT_TEAM = BYWLC6SC4C;
				GENERATE_INFOPLIST_FILE = YES;
				INFOPLIST_FILE = CICD_TEST/Info.plist;
				INFOPLIST_KEY_UIApplicationSupportsIndirectInputEvents = YES;
				INFOPLIST_KEY_UILaunchStoryboardName = LaunchScreen;
				INFOPLIST_KEY_UIMainStoryboardFile = Main;
				INFOPLIST_KEY_UISupportedInterfaceOrientations_iPad = "UIInterfaceOrientationPortrait UIInterfaceOrientationPortraitUpsideDown UIInterfaceOrientationLandscapeLeft UIInterfaceOrientationLandscapeRight";
				INFOPLIST_KEY_UISupportedInterfaceOrientations_iPhone = "UIInterfaceOrientationPortrait UIInterfaceOrientationLandscapeLeft UIInterfaceOrientationLandscapeRight";
				LD_RUNPATH_SEARCH_PATHS = (
					"$(inherited)",
					"@executable_path/Frameworks",
				);
				MARKETING_VERSION = 1.0;
				PRODUCT_BUNDLE_IDENTIFIER = "CICD-TEST.CICD-TEST";
				PRODUCT_NAME = "$(TARGET_NAME)";
				SWIFT_EMIT_LOC_STRINGS = YES;
				SWIFT_VERSION = 5.0;
				TARGETED_DEVICE_FAMILY = "1,2";
			};
			name = Release;
		};
		6BB80F142884A8AD0038E969 /* Debug */ = {
			isa = XCBuildConfiguration;
			buildSettings = {
				ALWAYS_EMBED_SWIFT_STANDARD_LIBRARIES = YES;
				BUNDLE_LOADER = "$(TEST_HOST)";
				CODE_SIGN_STYLE = Automatic;
				CURRENT_PROJECT_VERSION = 1;
				DEVELOPMENT_TEAM = BYWLC6SC4C;
				GENERATE_INFOPLIST_FILE = YES;
				IPHONEOS_DEPLOYMENT_TARGET = 15.2;
				MARKETING_VERSION = 1.0;
				PRODUCT_BUNDLE_IDENTIFIER = "CICD-TEST.CICD-TESTTests";
				PRODUCT_NAME = "$(TARGET_NAME)";
				SWIFT_EMIT_LOC_STRINGS = NO;
				SWIFT_VERSION = 5.0;
				TARGETED_DEVICE_FAMILY = "1,2";
				TEST_HOST = "$(BUILT_PRODUCTS_DIR)/CICD_TEST.app/CICD_TEST";
			};
			name = Debug;
		};
		6BB80F152884A8AD0038E969 /* Release */ = {
			isa = XCBuildConfiguration;
			buildSettings = {
				ALWAYS_EMBED_SWIFT_STANDARD_LIBRARIES = YES;
				BUNDLE_LOADER = "$(TEST_HOST)";
				CODE_SIGN_STYLE = Automatic;
				CURRENT_PROJECT_VERSION = 1;
				DEVELOPMENT_TEAM = BYWLC6SC4C;
				GENERATE_INFOPLIST_FILE = YES;
				IPHONEOS_DEPLOYMENT_TARGET = 15.2;
				MARKETING_VERSION = 1.0;
				PRODUCT_BUNDLE_IDENTIFIER = "CICD-TEST.CICD-TESTTests";
				PRODUCT_NAME = "$(TARGET_NAME)";
				SWIFT_EMIT_LOC_STRINGS = NO;
				SWIFT_VERSION = 5.0;
				TARGETED_DEVICE_FAMILY = "1,2";
				TEST_HOST = "$(BUILT_PRODUCTS_DIR)/CICD_TEST.app/CICD_TEST";
			};
			name = Release;
		};
		6BB80F172884A8AD0038E969 /* Debug */ = {
			isa = XCBuildConfiguration;
			buildSettings = {
				ALWAYS_EMBED_SWIFT_STANDARD_LIBRARIES = YES;
				CODE_SIGN_STYLE = Automatic;
				CURRENT_PROJECT_VERSION = 1;
				DEVELOPMENT_TEAM = BYWLC6SC4C;
				GENERATE_INFOPLIST_FILE = YES;
				MARKETING_VERSION = 1.0;
				PRODUCT_BUNDLE_IDENTIFIER = "CICD-TEST.CICD-TESTUITests";
				PRODUCT_NAME = "$(TARGET_NAME)";
				SWIFT_EMIT_LOC_STRINGS = NO;
				SWIFT_VERSION = 5.0;
				TARGETED_DEVICE_FAMILY = "1,2";
				TEST_TARGET_NAME = CICD_TEST;
			};
			name = Debug;
		};
		6BB80F182884A8AD0038E969 /* Release */ = {
			isa = XCBuildConfiguration;
			buildSettings = {
				ALWAYS_EMBED_SWIFT_STANDARD_LIBRARIES = YES;
				CODE_SIGN_STYLE = Automatic;
				CURRENT_PROJECT_VERSION = 1;
				DEVELOPMENT_TEAM = BYWLC6SC4C;
				GENERATE_INFOPLIST_FILE = YES;
				MARKETING_VERSION = 1.0;
				PRODUCT_BUNDLE_IDENTIFIER = "CICD-TEST.CICD-TESTUITests";
				PRODUCT_NAME = "$(TARGET_NAME)";
				SWIFT_EMIT_LOC_STRINGS = NO;
				SWIFT_VERSION = 5.0;
				TARGETED_DEVICE_FAMILY = "1,2";
				TEST_TARGET_NAME = CICD_TEST;
			};
			name = Release;
		};
/* End XCBuildConfiguration section */

/* Begin XCConfigurationList section */
		6BB80EE12884A8A90038E969 /* Build configuration list for PBXProject "CICD_TEST" */ = {
			isa = XCConfigurationList;
			buildConfigurations = (
				6BB80F0E2884A8AD0038E969 /* Debug */,
				6BB80F0F2884A8AD0038E969 /* Release */,
			);
			defaultConfigurationIsVisible = 0;
			defaultConfigurationName = Release;
		};
		6BB80F102884A8AD0038E969 /* Build configuration list for PBXNativeTarget "CICD_TEST" */ = {
			isa = XCConfigurationList;
			buildConfigurations = (
				6BB80F112884A8AD0038E969 /* Debug */,
				6BB80F122884A8AD0038E969 /* Release */,
			);
			defaultConfigurationIsVisible = 0;
			defaultConfigurationName = Release;
		};
		6BB80F132884A8AD0038E969 /* Build configuration list for PBXNativeTarget "CICD_TESTTests" */ = {
			isa = XCConfigurationList;
			buildConfigurations = (
				6BB80F142884A8AD0038E969 /* Debug */,
				6BB80F152884A8AD0038E969 /* Release */,
			);
			defaultConfigurationIsVisible = 0;
			defaultConfigurationName = Release;
		};
		6BB80F162884A8AD0038E969 /* Build configuration list for PBXNativeTarget "CICD_TESTUITests" */ = {
			isa = XCConfigurationList;
			buildConfigurations = (
				6BB80F172884A8AD0038E969 /* Debug */,
				6BB80F182884A8AD0038E969 /* Release */,
			);
			defaultConfigurationIsVisible = 0;
			defaultConfigurationName = Release;
		};
/* End XCConfigurationList section */
	};
	rootObject = 6BB80EDE2884A8A90038E969 /* Project object */;
}
